// !$*UTF8*$!
{
	archiveVersion = 1;
	classes = {
	};
	objectVersion = 46;
	objects = {

/* Begin PBXBuildFile section */
		FD939A8A19C83724001ABCFF /* main.m in Sources */ = {isa = PBXBuildFile; fileRef = FD939A8919C83724001ABCFF /* main.m */; };
		FD939A8D19C83724001ABCFF /* AppDelegate.m in Sources */ = {isa = PBXBuildFile; fileRef = FD939A8C19C83724001ABCFF /* AppDelegate.m */; };
		FD939A9019C83724001ABCFF /* ViewController.m in Sources */ = {isa = PBXBuildFile; fileRef = FD939A8F19C83724001ABCFF /* ViewController.m */; };
		FD939A9319C83724001ABCFF /* Main.storyboard in Resources */ = {isa = PBXBuildFile; fileRef = FD939A9119C83724001ABCFF /* Main.storyboard */; };
		FD939A9519C83724001ABCFF /* Images.xcassets in Resources */ = {isa = PBXBuildFile; fileRef = FD939A9419C83724001ABCFF /* Images.xcassets */; };
		FD939A9819C83724001ABCFF /* LaunchScreen.xib in Resources */ = {isa = PBXBuildFile; fileRef = FD939A9619C83724001ABCFF /* LaunchScreen.xib */; };
		FD939AA419C83724001ABCFF /* iPhone_Size_ApplyTests.m in Sources */ = {isa = PBXBuildFile; fileRef = FD939AA319C83724001ABCFF /* iPhone_Size_ApplyTests.m */; };
		FD939AAE19C83F90001ABCFF /* Display_4S.storyboard in Resources */ = {isa = PBXBuildFile; fileRef = FD939AAD19C83F90001ABCFF /* Display_4S.storyboard */; };
		FD939AB019C83FAA001ABCFF /* Display_6.storyboard in Resources */ = {isa = PBXBuildFile; fileRef = FD939AAF19C83FAA001ABCFF /* Display_6.storyboard */; };
		FD939AB219C83FBF001ABCFF /* Display_6Plus.storyboard in Resources */ = {isa = PBXBuildFile; fileRef = FD939AB119C83FBF001ABCFF /* Display_6Plus.storyboard */; };
/* End PBXBuildFile section */

/* Begin PBXContainerItemProxy section */
		FD939A9E19C83724001ABCFF /* PBXContainerItemProxy */ = {
			isa = PBXContainerItemProxy;
			containerPortal = FD939A7C19C83724001ABCFF /* Project object */;
			proxyType = 1;
			remoteGlobalIDString = FD939A8319C83724001ABCFF;
			remoteInfo = "iPhone Size Apply";
		};
/* End PBXContainerItemProxy section */

/* Begin PBXFileReference section */
		FD939A8419C83724001ABCFF /* iPhone Size Apply.app */ = {isa = PBXFileReference; explicitFileType = wrapper.application; includeInIndex = 0; path = "iPhone Size Apply.app"; sourceTree = BUILT_PRODUCTS_DIR; };
		FD939A8819C83724001ABCFF /* Info.plist */ = {isa = PBXFileReference; lastKnownFileType = text.plist.xml; path = Info.plist; sourceTree = "<group>"; };
		FD939A8919C83724001ABCFF /* main.m */ = {isa = PBXFileReference; lastKnownFileType = sourcecode.c.objc; path = main.m; sourceTree = "<group>"; };
		FD939A8B19C83724001ABCFF /* AppDelegate.h */ = {isa = PBXFileReference; lastKnownFileType = sourcecode.c.h; path = AppDelegate.h; sourceTree = "<group>"; };
		FD939A8C19C83724001ABCFF /* AppDelegate.m */ = {isa = PBXFileReference; lastKnownFileType = sourcecode.c.objc; path = AppDelegate.m; sourceTree = "<group>"; };
		FD939A8E19C83724001ABCFF /* ViewController.h */ = {isa = PBXFileReference; lastKnownFileType = sourcecode.c.h; path = ViewController.h; sourceTree = "<group>"; };
		FD939A8F19C83724001ABCFF /* ViewController.m */ = {isa = PBXFileReference; lastKnownFileType = sourcecode.c.objc; path = ViewController.m; sourceTree = "<group>"; };
		FD939A9219C83724001ABCFF /* Base */ = {isa = PBXFileReference; lastKnownFileType = file.storyboard; name = Base; path = Base.lproj/Main.storyboard; sourceTree = "<group>"; };
		FD939A9419C83724001ABCFF /* Images.xcassets */ = {isa = PBXFileReference; lastKnownFileType = folder.assetcatalog; path = Images.xcassets; sourceTree = "<group>"; };
		FD939A9719C83724001ABCFF /* Base */ = {isa = PBXFileReference; lastKnownFileType = file.xib; name = Base; path = Base.lproj/LaunchScreen.xib; sourceTree = "<group>"; };
		FD939A9D19C83724001ABCFF /* iPhone Size ApplyTests.xctest */ = {isa = PBXFileReference; explicitFileType = wrapper.cfbundle; includeInIndex = 0; path = "iPhone Size ApplyTests.xctest"; sourceTree = BUILT_PRODUCTS_DIR; };
		FD939AA219C83724001ABCFF /* Info.plist */ = {isa = PBXFileReference; lastKnownFileType = text.plist.xml; path = Info.plist; sourceTree = "<group>"; };
		FD939AA319C83724001ABCFF /* iPhone_Size_ApplyTests.m */ = {isa = PBXFileReference; lastKnownFileType = sourcecode.c.objc; path = iPhone_Size_ApplyTests.m; sourceTree = "<group>"; };
		FD939AAD19C83F90001ABCFF /* Display_4S.storyboard */ = {isa = PBXFileReference; fileEncoding = 4; lastKnownFileType = file.storyboard; path = Display_4S.storyboard; sourceTree = "<group>"; };
		FD939AAF19C83FAA001ABCFF /* Display_6.storyboard */ = {isa = PBXFileReference; fileEncoding = 4; lastKnownFileType = file.storyboard; path = Display_6.storyboard; sourceTree = "<group>"; };
		FD939AB119C83FBF001ABCFF /* Display_6Plus.storyboard */ = {isa = PBXFileReference; fileEncoding = 4; lastKnownFileType = file.storyboard; path = Display_6Plus.storyboard; sourceTree = "<group>"; };
/* End PBXFileReference section */

/* Begin PBXFrameworksBuildPhase section */
		FD939A8119C83724001ABCFF /* Frameworks */ = {
			isa = PBXFrameworksBuildPhase;
			buildActionMask = 2147483647;
			files = (
			);
			runOnlyForDeploymentPostprocessing = 0;
		};
		FD939A9A19C83724001ABCFF /* Frameworks */ = {
			isa = PBXFrameworksBuildPhase;
			buildActionMask = 2147483647;
			files = (
			);
			runOnlyForDeploymentPostprocessing = 0;
		};
/* End PBXFrameworksBuildPhase section */

/* Begin PBXGroup section */
		FD939A7B19C83724001ABCFF = {
			isa = PBXGroup;
			children = (
				FD939A8619C83724001ABCFF /* iPhone Size Apply */,
				FD939AA019C83724001ABCFF /* iPhone Size ApplyTests */,
				FD939A8519C83724001ABCFF /* Products */,
			);
			sourceTree = "<group>";
		};
		FD939A8519C83724001ABCFF /* Products */ = {
			isa = PBXGroup;
			children = (
				FD939A8419C83724001ABCFF /* iPhone Size Apply.app */,
				FD939A9D19C83724001ABCFF /* iPhone Size ApplyTests.xctest */,
			);
			name = Products;
			sourceTree = "<group>";
		};
		FD939A8619C83724001ABCFF /* iPhone Size Apply */ = {
			isa = PBXGroup;
			children = (
				FD939A8B19C83724001ABCFF /* AppDelegate.h */,
				FD939A8C19C83724001ABCFF /* AppDelegate.m */,
				FD939A8E19C83724001ABCFF /* ViewController.h */,
				FD939A8F19C83724001ABCFF /* ViewController.m */,
				FD939A9119C83724001ABCFF /* Main.storyboard */,
				FD939AAD19C83F90001ABCFF /* Display_4S.storyboard */,
				FD939AAF19C83FAA001ABCFF /* Display_6.storyboard */,
				FD939AB119C83FBF001ABCFF /* Display_6Plus.storyboard */,
				FD939A9419C83724001ABCFF /* Images.xcassets */,
				FD939A9619C83724001ABCFF /* LaunchScreen.xib */,
				FD939A8719C83724001ABCFF /* Supporting Files */,
			);
			path = "iPhone Size Apply";
			sourceTree = "<group>";
		};
		FD939A8719C83724001ABCFF /* Supporting Files */ = {
			isa = PBXGroup;
			children = (
				FD939A8819C83724001ABCFF /* Info.plist */,
				FD939A8919C83724001ABCFF /* main.m */,
			);
			name = "Supporting Files";
			sourceTree = "<group>";
		};
		FD939AA019C83724001ABCFF /* iPhone Size ApplyTests */ = {
			isa = PBXGroup;
			children = (
				FD939AA319C83724001ABCFF /* iPhone_Size_ApplyTests.m */,
				FD939AA119C83724001ABCFF /* Supporting Files */,
			);
			path = "iPhone Size ApplyTests";
			sourceTree = "<group>";
		};
		FD939AA119C83724001ABCFF /* Supporting Files */ = {
			isa = PBXGroup;
			children = (
				FD939AA219C83724001ABCFF /* Info.plist */,
			);
			name = "Supporting Files";
			sourceTree = "<group>";
		};
/* End PBXGroup section */

/* Begin PBXNativeTarget section */
		FD939A8319C83724001ABCFF /* iPhone Size Apply */ = {
			isa = PBXNativeTarget;
			buildConfigurationList = FD939AA719C83724001ABCFF /* Build configuration list for PBXNativeTarget "iPhone Size Apply" */;
			buildPhases = (
				FD939A8019C83724001ABCFF /* Sources */,
				FD939A8119C83724001ABCFF /* Frameworks */,
				FD939A8219C83724001ABCFF /* Resources */,
			);
			buildRules = (
			);
			dependencies = (
			);
			name = "iPhone Size Apply";
			productName = "iPhone Size Apply";
			productReference = FD939A8419C83724001ABCFF /* iPhone Size Apply.app */;
			productType = "com.apple.product-type.application";
		};
		FD939A9C19C83724001ABCFF /* iPhone Size ApplyTests */ = {
			isa = PBXNativeTarget;
			buildConfigurationList = FD939AAA19C83724001ABCFF /* Build configuration list for PBXNativeTarget "iPhone Size ApplyTests" */;
			buildPhases = (
				FD939A9919C83724001ABCFF /* Sources */,
				FD939A9A19C83724001ABCFF /* Frameworks */,
				FD939A9B19C83724001ABCFF /* Resources */,
			);
			buildRules = (
			);
			dependencies = (
				FD939A9F19C83724001ABCFF /* PBXTargetDependency */,
			);
			name = "iPhone Size ApplyTests";
			productName = "iPhone Size ApplyTests";
			productReference = FD939A9D19C83724001ABCFF /* iPhone Size ApplyTests.xctest */;
			productType = "com.apple.product-type.bundle.unit-test";
		};
/* End PBXNativeTarget section */

/* Begin PBXProject section */
		FD939A7C19C83724001ABCFF /* Project object */ = {
			isa = PBXProject;
			attributes = {
				LastUpgradeCheck = 0600;
				ORGANIZATIONNAME = "Takuya Aso";
				TargetAttributes = {
					FD939A8319C83724001ABCFF = {
						CreatedOnToolsVersion = 6.1;
					};
					FD939A9C19C83724001ABCFF = {
						CreatedOnToolsVersion = 6.1;
						TestTargetID = FD939A8319C83724001ABCFF;
					};
				};
			};
			buildConfigurationList = FD939A7F19C83724001ABCFF /* Build configuration list for PBXProject "iPhone Size Apply" */;
			compatibilityVersion = "Xcode 3.2";
			developmentRegion = English;
			hasScannedForEncodings = 0;
			knownRegions = (
				en,
				Base,
			);
			mainGroup = FD939A7B19C83724001ABCFF;
			productRefGroup = FD939A8519C83724001ABCFF /* Products */;
			projectDirPath = "";
			projectRoot = "";
			targets = (
				FD939A8319C83724001ABCFF /* iPhone Size Apply */,
				FD939A9C19C83724001ABCFF /* iPhone Size ApplyTests */,
			);
		};
/* End PBXProject section */

/* Begin PBXResourcesBuildPhase section */
		FD939A8219C83724001ABCFF /* Resources */ = {
			isa = PBXResourcesBuildPhase;
			buildActionMask = 2147483647;
			files = (
				FD939AB219C83FBF001ABCFF /* Display_6Plus.storyboard in Resources */,
				FD939AB019C83FAA001ABCFF /* Display_6.storyboard in Resources */,
				FD939AAE19C83F90001ABCFF /* Display_4S.storyboard in Resources */,
				FD939A9319C83724001ABCFF /* Main.storyboard in Resources */,
				FD939A9819C83724001ABCFF /* LaunchScreen.xib in Resources */,
				FD939A9519C83724001ABCFF /* Images.xcassets in Resources */,
			);
			runOnlyForDeploymentPostprocessing = 0;
		};
		FD939A9B19C83724001ABCFF /* Resources */ = {
			isa = PBXResourcesBuildPhase;
			buildActionMask = 2147483647;
			files = (
			);
			runOnlyForDeploymentPostprocessing = 0;
		};
/* End PBXResourcesBuildPhase section */

/* Begin PBXSourcesBuildPhase section */
		FD939A8019C83724001ABCFF /* Sources */ = {
			isa = PBXSourcesBuildPhase;
			buildActionMask = 2147483647;
			files = (
				FD939A9019C83724001ABCFF /* ViewController.m in Sources */,
				FD939A8D19C83724001ABCFF /* AppDelegate.m in Sources */,
				FD939A8A19C83724001ABCFF /* main.m in Sources */,
			);
			runOnlyForDeploymentPostprocessing = 0;
		};
		FD939A9919C83724001ABCFF /* Sources */ = {
			isa = PBXSourcesBuildPhase;
			buildActionMask = 2147483647;
			files = (
				FD939AA419C83724001ABCFF /* iPhone_Size_ApplyTests.m in Sources */,
			);
			runOnlyForDeploymentPostprocessing = 0;
		};
/* End PBXSourcesBuildPhase section */

/* Begin PBXTargetDependency section */
		FD939A9F19C83724001ABCFF /* PBXTargetDependency */ = {
			isa = PBXTargetDependency;
			target = FD939A8319C83724001ABCFF /* iPhone Size Apply */;
			targetProxy = FD939A9E19C83724001ABCFF /* PBXContainerItemProxy */;
		};
/* End PBXTargetDependency section */

/* Begin PBXVariantGroup section */
		FD939A9119C83724001ABCFF /* Main.storyboard */ = {
			isa = PBXVariantGroup;
			children = (
				FD939A9219C83724001ABCFF /* Base */,
			);
			name = Main.storyboard;
			sourceTree = "<group>";
		};
		FD939A9619C83724001ABCFF /* LaunchScreen.xib */ = {
			isa = PBXVariantGroup;
			children = (
				FD939A9719C83724001ABCFF /* Base */,
			);
			name = LaunchScreen.xib;
			sourceTree = "<group>";
		};
/* End PBXVariantGroup section */

/* Begin XCBuildConfiguration section */
		FD939AA519C83724001ABCFF /* Debug */ = {
			isa = XCBuildConfiguration;
			buildSettings = {
				ALWAYS_SEARCH_USER_PATHS = NO;
				CLANG_CXX_LANGUAGE_STANDARD = "gnu++0x";
				CLANG_CXX_LIBRARY = "libc++";
				CLANG_ENABLE_MODULES = YES;
				CLANG_ENABLE_OBJC_ARC = YES;
				CLANG_WARN_BOOL_CONVERSION = YES;
				CLANG_WARN_CONSTANT_CONVERSION = YES;
				CLANG_WARN_DIRECT_OBJC_ISA_USAGE = YES_ERROR;
				CLANG_WARN_EMPTY_BODY = YES;
				CLANG_WARN_ENUM_CONVERSION = YES;
				CLANG_WARN_INT_CONVERSION = YES;
				CLANG_WARN_OBJC_ROOT_CLASS = YES_ERROR;
				CLANG_WARN_UNREACHABLE_CODE = YES;
				CLANG_WARN__DUPLICATE_METHOD_MATCH = YES;
				"CODE_SIGN_IDENTITY[sdk=iphoneos*]" = "iPhone Developer";
				COPY_PHASE_STRIP = NO;
				ENABLE_STRICT_OBJC_MSGSEND = YES;
				GCC_C_LANGUAGE_STANDARD = gnu99;
				GCC_DYNAMIC_NO_PIC = NO;
				GCC_OPTIMIZATION_LEVEL = 0;
				GCC_PREPROCESSOR_DEFINITIONS = (
					"DEBUG=1",
					"$(inherited)",
				);
				GCC_SYMBOLS_PRIVATE_EXTERN = NO;
				GCC_WARN_64_TO_32_BIT_CONVERSION = YES;
				GCC_WARN_ABOUT_RETURN_TYPE = YES_ERROR;
				GCC_WARN_UNDECLARED_SELECTOR = YES;
				GCC_WARN_UNINITIALIZED_AUTOS = YES_AGGRESSIVE;
				GCC_WARN_UNUSED_FUNCTION = YES;
				GCC_WARN_UNUSED_VARIABLE = YES;
				IPHONEOS_DEPLOYMENT_TARGET = 8.0;
				MTL_ENABLE_DEBUG_INFO = YES;
				ONLY_ACTIVE_ARCH = YES;
				SDKROOT = iphoneos;
			};
			name = Debug;
		};
		FD939AA619C83724001ABCFF /* Release */ = {
			isa = XCBuildConfiguration;
			buildSettings = {
				ALWAYS_SEARCH_USER_PATHS = NO;
				CLANG_CXX_LANGUAGE_STANDARD = "gnu++0x";
				CLANG_CXX_LIBRARY = "libc++";
				CLANG_ENABLE_MODULES = YES;
				CLANG_ENABLE_OBJC_ARC = YES;
				CLANG_WARN_BOOL_CONVERSION = YES;
				CLANG_WARN_CONSTANT_CONVERSION = YES;
				CLANG_WARN_DIRECT_OBJC_ISA_USAGE = YES_ERROR;
				CLANG_WARN_EMPTY_BODY = YES;
				CLANG_WARN_ENUM_CONVERSION = YES;
				CLANG_WARN_INT_CONVERSION = YES;
				CLANG_WARN_OBJC_ROOT_CLASS = YES_ERROR;
				CLANG_WARN_UNREACHABLE_CODE = YES;
				CLANG_WARN__DUPLICATE_METHOD_MATCH = YES;
				"CODE_SIGN_IDENTITY[sdk=iphoneos*]" = "iPhone Developer";
				COPY_PHASE_STRIP = YES;
				ENABLE_NS_ASSERTIONS = NO;
				ENABLE_STRICT_OBJC_MSGSEND = YES;
				GCC_C_LANGUAGE_STANDARD = gnu99;
				GCC_WARN_64_TO_32_BIT_CONVERSION = YES;
				GCC_WARN_ABOUT_RETURN_TYPE = YES_ERROR;
				GCC_WARN_UNDECLARED_SELECTOR = YES;
				GCC_WARN_UNINITIALIZED_AUTOS = YES_AGGRESSIVE;
				GCC_WARN_UNUSED_FUNCTION = YES;
				GCC_WARN_UNUSED_VARIABLE = YES;
				IPHONEOS_DEPLOYMENT_TARGET = 8.0;
				MTL_ENABLE_DEBUG_INFO = NO;
				SDKROOT = iphoneos;
				VALIDATE_PRODUCT = YES;
			};
			name = Release;
		};
		FD939AA819C83724001ABCFF /* Debug */ = {
			isa = XCBuildConfiguration;
			buildSettings = {
				ASSETCATALOG_COMPILER_APPICON_NAME = AppIcon;
				INFOPLIST_FILE = "iPhone Size Apply/Info.plist";
				LD_RUNPATH_SEARCH_PATHS = "$(inherited) @executable_path/Frameworks";
				PRODUCT_NAME = "$(TARGET_NAME)";
				TARGETED_DEVICE_FAMILY = 1;
			};
			name = Debug;
		};
		FD939AA919C83724001ABCFF /* Release */ = {
			isa = XCBuildConfiguration;
			buildSettings = {
				ASSETCATALOG_COMPILER_APPICON_NAME = AppIcon;
				INFOPLIST_FILE = "iPhone Size Apply/Info.plist";
				LD_RUNPATH_SEARCH_PATHS = "$(inherited) @executable_path/Frameworks";
				PRODUCT_NAME = "$(TARGET_NAME)";
				TARGETED_DEVICE_FAMILY = 1;
			};
			name = Release;
		};
		FD939AAB19C83724001ABCFF /* Debug */ = {
			isa = XCBuildConfiguration;
			buildSettings = {
				BUNDLE_LOADER = "$(TEST_HOST)";
				FRAMEWORK_SEARCH_PATHS = (
					"$(SDKROOT)/Developer/Library/Frameworks",
					"$(inherited)",
				);
				GCC_PREPROCESSOR_DEFINITIONS = (
					"DEBUG=1",
					"$(inherited)",
				);
				INFOPLIST_FILE = "iPhone Size ApplyTests/Info.plist";
				LD_RUNPATH_SEARCH_PATHS = "$(inherited) @executable_path/Frameworks @loader_path/Frameworks";
				PRODUCT_NAME = "$(TARGET_NAME)";
				TEST_HOST = "$(BUILT_PRODUCTS_DIR)/iPhone Size Apply.app/iPhone Size Apply";
			};
			name = Debug;
		};
		FD939AAC19C83724001ABCFF /* Release */ = {
			isa = XCBuildConfiguration;
			buildSettings = {
				BUNDLE_LOADER = "$(TEST_HOST)";
				FRAMEWORK_SEARCH_PATHS = (
					"$(SDKROOT)/Developer/Library/Frameworks",
					"$(inherited)",
				);
				INFOPLIST_FILE = "iPhone Size ApplyTests/Info.plist";
				LD_RUNPATH_SEARCH_PATHS = "$(inherited) @executable_path/Frameworks @loader_path/Frameworks";
				PRODUCT_NAME = "$(TARGET_NAME)";
				TEST_HOST = "$(BUILT_PRODUCTS_DIR)/iPhone Size Apply.app/iPhone Size Apply";
			};
			name = Release;
		};
/* End XCBuildConfiguration section */

/* Begin XCConfigurationList section */
		FD939A7F19C83724001ABCFF /* Build configuration list for PBXProject "iPhone Size Apply" */ = {
			isa = XCConfigurationList;
			buildConfigurations = (
				FD939AA519C83724001ABCFF /* Debug */,
				FD939AA619C83724001ABCFF /* Release */,
			);
			defaultConfigurationIsVisible = 0;
			defaultConfigurationName = Release;
		};
		FD939AA719C83724001ABCFF /* Build configuration list for PBXNativeTarget "iPhone Size Apply" */ = {
			isa = XCConfigurationList;
			buildConfigurations = (
				FD939AA819C83724001ABCFF /* Debug */,
				FD939AA919C83724001ABCFF /* Release */,
			);
			defaultConfigurationIsVisible = 0;
			defaultConfigurationName = Release;
		};
		FD939AAA19C83724001ABCFF /* Build configuration list for PBXNativeTarget "iPhone Size ApplyTests" */ = {
			isa = XCConfigurationList;
			buildConfigurations = (
				FD939AAB19C83724001ABCFF /* Debug */,
				FD939AAC19C83724001ABCFF /* Release */,
			);
			defaultConfigurationIsVisible = 0;
			defaultConfigurationName = Release;
		};
/* End XCConfigurationList section */
	};
	rootObject = FD939A7C19C83724001ABCFF /* Project object */;
}
